
Microsoft Visual Studio Solution File, Format Version 12.00
# Visual Studio Version 17
VisualStudioVersion = 17.14.36518.9 d17.14
MinimumVisualStudioVersion = 10.0.40219.1
Project("{FAE04EC0-301F-11D3-BF4B-00C04F79EFBC}") = "CWW15", "CWW15\CWW15.csproj", "{47DF57DB-CE27-4E99-9906-AB02184C7860}"
EndProject
Global
	GlobalSection(SolutionConfigurationPlatforms) = preSolution
		Debug|Any CPU = Debug|Any CPU
		Release|Any CPU = Release|Any CPU
	EndGlobalSection
	GlobalSection(ProjectConfigurationPlatforms) = postSolution
		{47DF57DB-CE27-4E99-9906-AB02184C7860}.Debug|Any CPU.ActiveCfg = Debug|Any CPU
		{47DF57DB-CE27-4E99-9906-AB02184C7860}.Debug|Any CPU.Build.0 = Debug|Any CPU
		{47DF57DB-CE27-4E99-9906-AB02184C7860}.Release|Any CPU.ActiveCfg = Release|Any CPU
		{47DF57DB-CE27-4E99-9906-AB02184C7860}.Release|Any CPU.Build.0 = Release|Any CPU
	EndGlobalSection
	GlobalSection(SolutionProperties) = preSolution
		HideSolutionNode = FALSE
	EndGlobalSection
	GlobalSection(ExtensibilityGlobals) = postSolution
		SolutionGuid = {E9857350-A3F7-412D-94E8-108365FC9B53}
	EndGlobalSection
EndGlobal
